// !$*UTF8*$!
{
	archiveVersion = 1;
	classes = {
	};
	objectVersion = 46;
	objects = {

/* Begin PBXBuildFile section */
		08159BA41921862E00DB879A /* Foundation.framework in Frameworks */ = {isa = PBXBuildFile; fileRef = 08159BA31921862E00DB879A /* Foundation.framework */; };
		08159BA61921862E00DB879A /* CoreGraphics.framework in Frameworks */ = {isa = PBXBuildFile; fileRef = 08159BA51921862E00DB879A /* CoreGraphics.framework */; };
		08159BA81921862E00DB879A /* UIKit.framework in Frameworks */ = {isa = PBXBuildFile; fileRef = 08159BA71921862E00DB879A /* UIKit.framework */; };
		08159BAE1921862E00DB879A /* InfoPlist.strings in Resources */ = {isa = PBXBuildFile; fileRef = 08159BAC1921862E00DB879A /* InfoPlist.strings */; };
		08159BB01921862E00DB879A /* main.m in Sources */ = {isa = PBXBuildFile; fileRef = 08159BAF1921862E00DB879A /* main.m */; };
		08159BB41921862E00DB879A /* MSAppDelegate.m in Sources */ = {isa = PBXBuildFile; fileRef = 08159BB31921862E00DB879A /* MSAppDelegate.m */; };
		08159BB71921862E00DB879A /* Main.storyboard in Resources */ = {isa = PBXBuildFile; fileRef = 08159BB51921862E00DB879A /* Main.storyboard */; };
		08159BBA1921862E00DB879A /* MSViewController.m in Sources */ = {isa = PBXBuildFile; fileRef = 08159BB91921862E00DB879A /* MSViewController.m */; };
		08159BBC1921862E00DB879A /* Images.xcassets in Resources */ = {isa = PBXBuildFile; fileRef = 08159BBB1921862E00DB879A /* Images.xcassets */; };
		08159BC31921862F00DB879A /* XCTest.framework in Frameworks */ = {isa = PBXBuildFile; fileRef = 08159BC21921862F00DB879A /* XCTest.framework */; };
		08159BC41921862F00DB879A /* Foundation.framework in Frameworks */ = {isa = PBXBuildFile; fileRef = 08159BA31921862E00DB879A /* Foundation.framework */; };
		08159BC51921862F00DB879A /* UIKit.framework in Frameworks */ = {isa = PBXBuildFile; fileRef = 08159BA71921862E00DB879A /* UIKit.framework */; };
		08159BCD1921862F00DB879A /* InfoPlist.strings in Resources */ = {isa = PBXBuildFile; fileRef = 08159BCB1921862F00DB879A /* InfoPlist.strings */; };
		08159BCF1921862F00DB879A /* View_Objects_in_CodeTests.m in Sources */ = {isa = PBXBuildFile; fileRef = 08159BCE1921862F00DB879A /* View_Objects_in_CodeTests.m */; };
/* End PBXBuildFile section */

/* Begin PBXContainerItemProxy section */
		08159BC61921862F00DB879A /* PBXContainerItemProxy */ = {
			isa = PBXContainerItemProxy;
			containerPortal = 08159B981921862E00DB879A /* Project object */;
			proxyType = 1;
			remoteGlobalIDString = 08159B9F1921862E00DB879A;
			remoteInfo = "View Objects in Code";
		};
/* End PBXContainerItemProxy section */

/* Begin PBXFileReference section */
		08159BA01921862E00DB879A /* View Objects in Code.app */ = {isa = PBXFileReference; explicitFileType = wrapper.application; includeInIndex = 0; path = "View Objects in Code.app"; sourceTree = BUILT_PRODUCTS_DIR; };
		08159BA31921862E00DB879A /* Foundation.framework */ = {isa = PBXFileReference; lastKnownFileType = wrapper.framework; name = Foundation.framework; path = System/Library/Frameworks/Foundation.framework; sourceTree = SDKROOT; };
		08159BA51921862E00DB879A /* CoreGraphics.framework */ = {isa = PBXFileReference; lastKnownFileType = wrapper.framework; name = CoreGraphics.framework; path = System/Library/Frameworks/CoreGraphics.framework; sourceTree = SDKROOT; };
		08159BA71921862E00DB879A /* UIKit.framework */ = {isa = PBXFileReference; lastKnownFileType = wrapper.framework; name = UIKit.framework; path = System/Library/Frameworks/UIKit.framework; sourceTree = SDKROOT; };
		08159BAB1921862E00DB879A /* View Objects in Code-Info.plist */ = {isa = PBXFileReference; lastKnownFileType = text.plist.xml; path = "View Objects in Code-Info.plist"; sourceTree = "<group>"; };
		08159BAD1921862E00DB879A /* en */ = {isa = PBXFileReference; lastKnownFileType = text.plist.strings; name = en; path = en.lproj/InfoPlist.strings; sourceTree = "<group>"; };
		08159BAF1921862E00DB879A /* main.m */ = {isa = PBXFileReference; lastKnownFileType = sourcecode.c.objc; path = main.m; sourceTree = "<group>"; };
		08159BB11921862E00DB879A /* View Objects in Code-Prefix.pch */ = {isa = PBXFileReference; lastKnownFileType = sourcecode.c.h; path = "View Objects in Code-Prefix.pch"; sourceTree = "<group>"; };
		08159BB21921862E00DB879A /* MSAppDelegate.h */ = {isa = PBXFileReference; lastKnownFileType = sourcecode.c.h; path = MSAppDelegate.h; sourceTree = "<group>"; };
		08159BB31921862E00DB879A /* MSAppDelegate.m */ = {isa = PBXFileReference; lastKnownFileType = sourcecode.c.objc; path = MSAppDelegate.m; sourceTree = "<group>"; };
		08159BB61921862E00DB879A /* Base */ = {isa = PBXFileReference; lastKnownFileType = file.storyboard; name = Base; path = Base.lproj/Main.storyboard; sourceTree = "<group>"; };
		08159BB81921862E00DB879A /* MSViewController.h */ = {isa = PBXFileReference; lastKnownFileType = sourcecode.c.h; path = MSViewController.h; sourceTree = "<group>"; };
		08159BB91921862E00DB879A /* MSViewController.m */ = {isa = PBXFileReference; lastKnownFileType = sourcecode.c.objc; path = MSViewController.m; sourceTree = "<group>"; };
		08159BBB1921862E00DB879A /* Images.xcassets */ = {isa = PBXFileReference; lastKnownFileType = folder.assetcatalog; path = Images.xcassets; sourceTree = "<group>"; };
		08159BC11921862F00DB879A /* View Objects in CodeTests.xctest */ = {isa = PBXFileReference; explicitFileType = wrapper.cfbundle; includeInIndex = 0; path = "View Objects in CodeTests.xctest"; sourceTree = BUILT_PRODUCTS_DIR; };
		08159BC21921862F00DB879A /* XCTest.framework */ = {isa = PBXFileReference; lastKnownFileType = wrapper.framework; name = XCTest.framework; path = Library/Frameworks/XCTest.framework; sourceTree = DEVELOPER_DIR; };
		08159BCA1921862F00DB879A /* View Objects in CodeTests-Info.plist */ = {isa = PBXFileReference; lastKnownFileType = text.plist.xml; path = "View Objects in CodeTests-Info.plist"; sourceTree = "<group>"; };
		08159BCC1921862F00DB879A /* en */ = {isa = PBXFileReference; lastKnownFileType = text.plist.strings; name = en; path = en.lproj/InfoPlist.strings; sourceTree = "<group>"; };
		08159BCE1921862F00DB879A /* View_Objects_in_CodeTests.m */ = {isa = PBXFileReference; lastKnownFileType = sourcecode.c.objc; path = View_Objects_in_CodeTests.m; sourceTree = "<group>"; };
/* End PBXFileReference section */

/* Begin PBXFrameworksBuildPhase section */
		08159B9D1921862E00DB879A /* Frameworks */ = {
			isa = PBXFrameworksBuildPhase;
			buildActionMask = 2147483647;
			files = (
				08159BA61921862E00DB879A /* CoreGraphics.framework in Frameworks */,
				08159BA81921862E00DB879A /* UIKit.framework in Frameworks */,
				08159BA41921862E00DB879A /* Foundation.framework in Frameworks */,
			);
			runOnlyForDeploymentPostprocessing = 0;
		};
		08159BBE1921862F00DB879A /* Frameworks */ = {
			isa = PBXFrameworksBuildPhase;
			buildActionMask = 2147483647;
			files = (
				08159BC31921862F00DB879A /* XCTest.framework in Frameworks */,
				08159BC51921862F00DB879A /* UIKit.framework in Frameworks */,
				08159BC41921862F00DB879A /* Foundation.framework in Frameworks */,
			);
			runOnlyForDeploymentPostprocessing = 0;
		};
/* End PBXFrameworksBuildPhase section */

/* Begin PBXGroup section */
		08159B971921862E00DB879A = {
			isa = PBXGroup;
			children = (
				08159BA91921862E00DB879A /* View Objects in Code */,
				08159BC81921862F00DB879A /* View Objects in CodeTests */,
				08159BA21921862E00DB879A /* Frameworks */,
				08159BA11921862E00DB879A /* Products */,
			);
			sourceTree = "<group>";
		};
		08159BA11921862E00DB879A /* Products */ = {
			isa = PBXGroup;
			children = (
				08159BA01921862E00DB879A /* View Objects in Code.app */,
				08159BC11921862F00DB879A /* View Objects in CodeTests.xctest */,
			);
			name = Products;
			sourceTree = "<group>";
		};
		08159BA21921862E00DB879A /* Frameworks */ = {
			isa = PBXGroup;
			children = (
				08159BA31921862E00DB879A /* Foundation.framework */,
				08159BA51921862E00DB879A /* CoreGraphics.framework */,
				08159BA71921862E00DB879A /* UIKit.framework */,
				08159BC21921862F00DB879A /* XCTest.framework */,
			);
			name = Frameworks;
			sourceTree = "<group>";
		};
		08159BA91921862E00DB879A /* View Objects in Code */ = {
			isa = PBXGroup;
			children = (
				08159BB21921862E00DB879A /* MSAppDelegate.h */,
				08159BB31921862E00DB879A /* MSAppDelegate.m */,
				08159BB51921862E00DB879A /* Main.storyboard */,
				08159BB81921862E00DB879A /* MSViewController.h */,
				08159BB91921862E00DB879A /* MSViewController.m */,
				08159BBB1921862E00DB879A /* Images.xcassets */,
				08159BAA1921862E00DB879A /* Supporting Files */,
			);
			path = "View Objects in Code";
			sourceTree = "<group>";
		};
		08159BAA1921862E00DB879A /* Supporting Files */ = {
			isa = PBXGroup;
			children = (
				08159BAB1921862E00DB879A /* View Objects in Code-Info.plist */,
				08159BAC1921862E00DB879A /* InfoPlist.strings */,
				08159BAF1921862E00DB879A /* main.m */,
				08159BB11921862E00DB879A /* View Objects in Code-Prefix.pch */,
			);
			name = "Supporting Files";
			sourceTree = "<group>";
		};
		08159BC81921862F00DB879A /* View Objects in CodeTests */ = {
			isa = PBXGroup;
			children = (
				08159BCE1921862F00DB879A /* View_Objects_in_CodeTests.m */,
				08159BC91921862F00DB879A /* Supporting Files */,
			);
			path = "View Objects in CodeTests";
			sourceTree = "<group>";
		};
		08159BC91921862F00DB879A /* Supporting Files */ = {
			isa = PBXGroup;
			children = (
				08159BCA1921862F00DB879A /* View Objects in CodeTests-Info.plist */,
				08159BCB1921862F00DB879A /* InfoPlist.strings */,
			);
			name = "Supporting Files";
			sourceTree = "<group>";
		};
/* End PBXGroup section */

/* Begin PBXNativeTarget section */
		08159B9F1921862E00DB879A /* View Objects in Code */ = {
			isa = PBXNativeTarget;
			buildConfigurationList = 08159BD21921862F00DB879A /* Build configuration list for PBXNativeTarget "View Objects in Code" */;
			buildPhases = (
				08159B9C1921862E00DB879A /* Sources */,
				08159B9D1921862E00DB879A /* Frameworks */,
				08159B9E1921862E00DB879A /* Resources */,
			);
			buildRules = (
			);
			dependencies = (
			);
			name = "View Objects in Code";
			productName = "View Objects in Code";
			productReference = 08159BA01921862E00DB879A /* View Objects in Code.app */;
			productType = "com.apple.product-type.application";
		};
		08159BC01921862F00DB879A /* View Objects in CodeTests */ = {
			isa = PBXNativeTarget;
			buildConfigurationList = 08159BD51921862F00DB879A /* Build configuration list for PBXNativeTarget "View Objects in CodeTests" */;
			buildPhases = (
				08159BBD1921862F00DB879A /* Sources */,
				08159BBE1921862F00DB879A /* Frameworks */,
				08159BBF1921862F00DB879A /* Resources */,
			);
			buildRules = (
			);
			dependencies = (
				08159BC71921862F00DB879A /* PBXTargetDependency */,
			);
			name = "View Objects in CodeTests";
			productName = "View Objects in CodeTests";
			productReference = 08159BC11921862F00DB879A /* View Objects in CodeTests.xctest */;
			productType = "com.apple.product-type.bundle.unit-test";
		};
/* End PBXNativeTarget section */

/* Begin PBXProject section */
		08159B981921862E00DB879A /* Project object */ = {
			isa = PBXProject;
			attributes = {
				CLASSPREFIX = MS;
				LastUpgradeCheck = 0500;
				ORGANIZATIONNAME = "Mat Sletten";
				TargetAttributes = {
					08159BC01921862F00DB879A = {
						TestTargetID = 08159B9F1921862E00DB879A;
					};
				};
			};
			buildConfigurationList = 08159B9B1921862E00DB879A /* Build configuration list for PBXProject "View Objects in Code" */;
			compatibilityVersion = "Xcode 3.2";
			developmentRegion = English;
			hasScannedForEncodings = 0;
			knownRegions = (
				en,
				Base,
			);
			mainGroup = 08159B971921862E00DB879A;
			productRefGroup = 08159BA11921862E00DB879A /* Products */;
			projectDirPath = "";
			projectRoot = "";
			targets = (
				08159B9F1921862E00DB879A /* View Objects in Code */,
				08159BC01921862F00DB879A /* View Objects in CodeTests */,
			);
		};
/* End PBXProject section */

/* Begin PBXResourcesBuildPhase section */
		08159B9E1921862E00DB879A /* Resources */ = {
			isa = PBXResourcesBuildPhase;
			buildActionMask = 2147483647;
			files = (
				08159BBC1921862E00DB879A /* Images.xcassets in Resources */,
				08159BAE1921862E00DB879A /* InfoPlist.strings in Resources */,
				08159BB71921862E00DB879A /* Main.storyboard in Resources */,
			);
			runOnlyForDeploymentPostprocessing = 0;
		};
		08159BBF1921862F00DB879A /* Resources */ = {
			isa = PBXResourcesBuildPhase;
			buildActionMask = 2147483647;
			files = (
				08159BCD1921862F00DB879A /* InfoPlist.strings in Resources */,
			);
			runOnlyForDeploymentPostprocessing = 0;
		};
/* End PBXResourcesBuildPhase section */

/* Begin PBXSourcesBuildPhase section */
		08159B9C1921862E00DB879A /* Sources */ = {
			isa = PBXSourcesBuildPhase;
			buildActionMask = 2147483647;
			files = (
				08159BB41921862E00DB879A /* MSAppDelegate.m in Sources */,
				08159BBA1921862E00DB879A /* MSViewController.m in Sources */,
				08159BB01921862E00DB879A /* main.m in Sources */,
			);
			runOnlyForDeploymentPostprocessing = 0;
		};
		08159BBD1921862F00DB879A /* Sources */ = {
			isa = PBXSourcesBuildPhase;
			buildActionMask = 2147483647;
			files = (
				08159BCF1921862F00DB879A /* View_Objects_in_CodeTests.m in Sources */,
			);
			runOnlyForDeploymentPostprocessing = 0;
		};
/* End PBXSourcesBuildPhase section */

/* Begin PBXTargetDependency section */
		08159BC71921862F00DB879A /* PBXTargetDependency */ = {
			isa = PBXTargetDependency;
			target = 08159B9F1921862E00DB879A /* View Objects in Code */;
			targetProxy = 08159BC61921862F00DB879A /* PBXContainerItemProxy */;
		};
/* End PBXTargetDependency section */

/* Begin PBXVariantGroup section */
		08159BAC1921862E00DB879A /* InfoPlist.strings */ = {
			isa = PBXVariantGroup;
			children = (
				08159BAD1921862E00DB879A /* en */,
			);
			name = InfoPlist.strings;
			sourceTree = "<group>";
		};
		08159BB51921862E00DB879A /* Main.storyboard */ = {
			isa = PBXVariantGroup;
			children = (
				08159BB61921862E00DB879A /* Base */,
			);
			name = Main.storyboard;
			sourceTree = "<group>";
		};
		08159BCB1921862F00DB879A /* InfoPlist.strings */ = {
			isa = PBXVariantGroup;
			children = (
				08159BCC1921862F00DB879A /* en */,
			);
			name = InfoPlist.strings;
			sourceTree = "<group>";
		};
/* End PBXVariantGroup section */

/* Begin XCBuildConfiguration section */
		08159BD01921862F00DB879A /* Debug */ = {
			isa = XCBuildConfiguration;
			buildSettings = {
				ALWAYS_SEARCH_USER_PATHS = NO;
				ARCHS = "$(ARCHS_STANDARD_INCLUDING_64_BIT)";
				CLANG_CXX_LANGUAGE_STANDARD = "gnu++0x";
				CLANG_CXX_LIBRARY = "libc++";
				CLANG_ENABLE_MODULES = YES;
				CLANG_ENABLE_OBJC_ARC = YES;
				CLANG_WARN_BOOL_CONVERSION = YES;
				CLANG_WARN_CONSTANT_CONVERSION = YES;
				CLANG_WARN_DIRECT_OBJC_ISA_USAGE = YES_ERROR;
				CLANG_WARN_EMPTY_BODY = YES;
				CLANG_WARN_ENUM_CONVERSION = YES;
				CLANG_WARN_INT_CONVERSION = YES;
				CLANG_WARN_OBJC_ROOT_CLASS = YES_ERROR;
				CLANG_WARN__DUPLICATE_METHOD_MATCH = YES;
				"CODE_SIGN_IDENTITY[sdk=iphoneos*]" = "iPhone Developer";
				COPY_PHASE_STRIP = NO;
				GCC_C_LANGUAGE_STANDARD = gnu99;
				GCC_DYNAMIC_NO_PIC = NO;
				GCC_OPTIMIZATION_LEVEL = 0;
				GCC_PREPROCESSOR_DEFINITIONS = (
					"DEBUG=1",
					"$(inherited)",
				);
				GCC_SYMBOLS_PRIVATE_EXTERN = NO;
				GCC_WARN_64_TO_32_BIT_CONVERSION = YES;
				GCC_WARN_ABOUT_RETURN_TYPE = YES_ERROR;
				GCC_WARN_UNDECLARED_SELECTOR = YES;
				GCC_WARN_UNINITIALIZED_AUTOS = YES;
				GCC_WARN_UNUSED_FUNCTION = YES;
				GCC_WARN_UNUSED_VARIABLE = YES;
				IPHONEOS_DEPLOYMENT_TARGET = 7.0;
				ONLY_ACTIVE_ARCH = YES;
				SDKROOT = iphoneos;
			};
			name = Debug;
		};
		08159BD11921862F00DB879A /* Release */ = {
			isa = XCBuildConfiguration;
			buildSettings = {
				ALWAYS_SEARCH_USER_PATHS = NO;
				ARCHS = "$(ARCHS_STANDARD_INCLUDING_64_BIT)";
				CLANG_CXX_LANGUAGE_STANDARD = "gnu++0x";
				CLANG_CXX_LIBRARY = "libc++";
				CLANG_ENABLE_MODULES = YES;
				CLANG_ENABLE_OBJC_ARC = YES;
				CLANG_WARN_BOOL_CONVERSION = YES;
				CLANG_WARN_CONSTANT_CONVERSION = YES;
				CLANG_WARN_DIRECT_OBJC_ISA_USAGE = YES_ERROR;
				CLANG_WARN_EMPTY_BODY = YES;
				CLANG_WARN_ENUM_CONVERSION = YES;
				CLANG_WARN_INT_CONVERSION = YES;
				CLANG_WARN_OBJC_ROOT_CLASS = YES_ERROR;
				CLANG_WARN__DUPLICATE_METHOD_MATCH = YES;
				"CODE_SIGN_IDENTITY[sdk=iphoneos*]" = "iPhone Developer";
				COPY_PHASE_STRIP = YES;
				ENABLE_NS_ASSERTIONS = NO;
				GCC_C_LANGUAGE_STANDARD = gnu99;
				GCC_WARN_64_TO_32_BIT_CONVERSION = YES;
				GCC_WARN_ABOUT_RETURN_TYPE = YES_ERROR;
				GCC_WARN_UNDECLARED_SELECTOR = YES;
				GCC_WARN_UNINITIALIZED_AUTOS = YES;
				GCC_WARN_UNUSED_FUNCTION = YES;
				GCC_WARN_UNUSED_VARIABLE = YES;
				IPHONEOS_DEPLOYMENT_TARGET = 7.0;
				SDKROOT = iphoneos;
				VALIDATE_PRODUCT = YES;
			};
			name = Release;
		};
		08159BD31921862F00DB879A /* Debug */ = {
			isa = XCBuildConfiguration;
			buildSettings = {
				ASSETCATALOG_COMPILER_APPICON_NAME = AppIcon;
				ASSETCATALOG_COMPILER_LAUNCHIMAGE_NAME = LaunchImage;
				GCC_PRECOMPILE_PREFIX_HEADER = YES;
				GCC_PREFIX_HEADER = "View Objects in Code/View Objects in Code-Prefix.pch";
				INFOPLIST_FILE = "View Objects in Code/View Objects in Code-Info.plist";
				PRODUCT_NAME = "$(TARGET_NAME)";
				WRAPPER_EXTENSION = app;
			};
			name = Debug;
		};
		08159BD41921862F00DB879A /* Release */ = {
			isa = XCBuildConfiguration;
			buildSettings = {
				ASSETCATALOG_COMPILER_APPICON_NAME = AppIcon;
				ASSETCATALOG_COMPILER_LAUNCHIMAGE_NAME = LaunchImage;
				GCC_PRECOMPILE_PREFIX_HEADER = YES;
				GCC_PREFIX_HEADER = "View Objects in Code/View Objects in Code-Prefix.pch";
				INFOPLIST_FILE = "View Objects in Code/View Objects in Code-Info.plist";
				PRODUCT_NAME = "$(TARGET_NAME)";
				WRAPPER_EXTENSION = app;
			};
			name = Release;
		};
		08159BD61921862F00DB879A /* Debug */ = {
			isa = XCBuildConfiguration;
			buildSettings = {
				ARCHS = "$(ARCHS_STANDARD_INCLUDING_64_BIT)";
				BUNDLE_LOADER = "$(BUILT_PRODUCTS_DIR)/View Objects in Code.app/View Objects in Code";
				FRAMEWORK_SEARCH_PATHS = (
					"$(SDKROOT)/Developer/Library/Frameworks",
					"$(inherited)",
					"$(DEVELOPER_FRAMEWORKS_DIR)",
				);
				GCC_PRECOMPILE_PREFIX_HEADER = YES;
				GCC_PREFIX_HEADER = "View Objects in Code/View Objects in Code-Prefix.pch";
				GCC_PREPROCESSOR_DEFINITIONS = (
					"DEBUG=1",
					"$(inherited)",
				);
				INFOPLIST_FILE = "View Objects in CodeTests/View Objects in CodeTests-Info.plist";
				PRODUCT_NAME = "$(TARGET_NAME)";
				TEST_HOST = "$(BUNDLE_LOADER)";
				WRAPPER_EXTENSION = xctest;
			};
			name = Debug;
		};
		08159BD71921862F00DB879A /* Release */ = {
			isa = XCBuildConfiguration;
			buildSettings = {
				ARCHS = "$(ARCHS_STANDARD_INCLUDING_64_BIT)";
				BUNDLE_LOADER = "$(BUILT_PRODUCTS_DIR)/View Objects in Code.app/View Objects in Code";
				FRAMEWORK_SEARCH_PATHS = (
					"$(SDKROOT)/Developer/Library/Frameworks",
					"$(inherited)",
					"$(DEVELOPER_FRAMEWORKS_DIR)",
				);
				GCC_PRECOMPILE_PREFIX_HEADER = YES;
				GCC_PREFIX_HEADER = "View Objects in Code/View Objects in Code-Prefix.pch";
				INFOPLIST_FILE = "View Objects in CodeTests/View Objects in CodeTests-Info.plist";
				PRODUCT_NAME = "$(TARGET_NAME)";
				TEST_HOST = "$(BUNDLE_LOADER)";
				WRAPPER_EXTENSION = xctest;
			};
			name = Release;
		};
/* End XCBuildConfiguration section */

/* Begin XCConfigurationList section */
		08159B9B1921862E00DB879A /* Build configuration list for PBXProject "View Objects in Code" */ = {
			isa = XCConfigurationList;
			buildConfigurations = (
				08159BD01921862F00DB879A /* Debug */,
				08159BD11921862F00DB879A /* Release */,
			);
			defaultConfigurationIsVisible = 0;
			defaultConfigurationName = Release;
		};
		08159BD21921862F00DB879A /* Build configuration list for PBXNativeTarget "View Objects in Code" */ = {
			isa = XCConfigurationList;
			buildConfigurations = (
				08159BD31921862F00DB879A /* Debug */,
				08159BD41921862F00DB879A /* Release */,
			);
			defaultConfigurationIsVisible = 0;
		};
		08159BD51921862F00DB879A /* Build configuration list for PBXNativeTarget "View Objects in CodeTests" */ = {
			isa = XCConfigurationList;
			buildConfigurations = (
				08159BD61921862F00DB879A /* Debug */,
				08159BD71921862F00DB879A /* Release */,
			);
			defaultConfigurationIsVisible = 0;
		};
/* End XCConfigurationList section */
	};
	rootObject = 08159B981921862E00DB879A /* Project object */;
}
